
Microsoft Visual Studio Solution File, Format Version 12.00
# Visual Studio Version 17
VisualStudioVersion = 17.3.32922.545
MinimumVisualStudioVersion = 10.0.40219.1
Project("{FAE04EC0-301F-11D3-BF4B-00C04F79EFBC}") = "Web_ThiTracNghiem", "Web_ThiTracNghiem\Web_ThiTracNghiem.csproj", "{FF7A435B-B3DD-4D51-A44D-BCC4FB9A74F3}"
EndProject
Global
	GlobalSection(SolutionConfigurationPlatforms) = preSolution
		Debug|Any CPU = Debug|Any CPU
		Release|Any CPU = Release|Any CPU
	EndGlobalSection
	GlobalSection(ProjectConfigurationPlatforms) = postSolution
		{FF7A435B-B3DD-4D51-A44D-BCC4FB9A74F3}.Debug|Any CPU.ActiveCfg = Debug|Any CPU
		{FF7A435B-B3DD-4D51-A44D-BCC4FB9A74F3}.Debug|Any CPU.Build.0 = Debug|Any CPU
		{FF7A435B-B3DD-4D51-A44D-BCC4FB9A74F3}.Release|Any CPU.ActiveCfg = Release|Any CPU
		{FF7A435B-B3DD-4D51-A44D-BCC4FB9A74F3}.Release|Any CPU.Build.0 = Release|Any CPU
	EndGlobalSection
	GlobalSection(SolutionProperties) = preSolution
		HideSolutionNode = FALSE
	EndGlobalSection
	GlobalSection(ExtensibilityGlobals) = postSolution
		SolutionGuid = {22DB436C-8C33-41E9-B8CF-B61B322AAB95}
	EndGlobalSection
EndGlobal
